
Microsoft Visual Studio Solution File, Format Version 12.00
# Visual Studio Version 17
VisualStudioVersion = 17.9.34701.34
MinimumVisualStudioVersion = 10.0.40219.1
Project("{FAE04EC0-301F-11D3-BF4B-00C04F79EFBC}") = "test_himia", "test_himia.csproj", "{FD0FD0BA-E0EB-41F7-83D5-07E7BB4BB904}"
EndProject
Global
	GlobalSection(SolutionConfigurationPlatforms) = preSolution
		Debug|Any CPU = Debug|Any CPU
		Release|Any CPU = Release|Any CPU
	EndGlobalSection
	GlobalSection(ProjectConfigurationPlatforms) = postSolution
		{FD0FD0BA-E0EB-41F7-83D5-07E7BB4BB904}.Debug|Any CPU.ActiveCfg = Debug|Any CPU
		{FD0FD0BA-E0EB-41F7-83D5-07E7BB4BB904}.Debug|Any CPU.Build.0 = Debug|Any CPU
		{FD0FD0BA-E0EB-41F7-83D5-07E7BB4BB904}.Release|Any CPU.ActiveCfg = Release|Any CPU
		{FD0FD0BA-E0EB-41F7-83D5-07E7BB4BB904}.Release|Any CPU.Build.0 = Release|Any CPU
	EndGlobalSection
	GlobalSection(SolutionProperties) = preSolution
		HideSolutionNode = FALSE
	EndGlobalSection
	GlobalSection(ExtensibilityGlobals) = postSolution
		SolutionGuid = {B662B274-EF19-4195-81F6-93828A094DEF}
	EndGlobalSection
EndGlobal
